
Microsoft Visual Studio Solution File, Format Version 12.00
# Visual Studio Version 16
VisualStudioVersion = 16.0.30225.117
MinimumVisualStudioVersion = 10.0.40219.1
Project("{FAE04EC0-301F-11D3-BF4B-00C04F79EFBC}") = "AgentyApplication", "AgentyApplication\AgentyApplication.csproj", "{7B1981F9-C919-45FD-A998-EDB5A22BD594}"
EndProject
Global
	GlobalSection(SolutionConfigurationPlatforms) = preSolution
		Debug|Any CPU = Debug|Any CPU
		Release|Any CPU = Release|Any CPU
	EndGlobalSection
	GlobalSection(ProjectConfigurationPlatforms) = postSolution
		{7B1981F9-C919-45FD-A998-EDB5A22BD594}.Debug|Any CPU.ActiveCfg = Debug|Any CPU
		{7B1981F9-C919-45FD-A998-EDB5A22BD594}.Debug|Any CPU.Build.0 = Debug|Any CPU
		{7B1981F9-C919-45FD-A998-EDB5A22BD594}.Release|Any CPU.ActiveCfg = Release|Any CPU
		{7B1981F9-C919-45FD-A998-EDB5A22BD594}.Release|Any CPU.Build.0 = Release|Any CPU
	EndGlobalSection
	GlobalSection(SolutionProperties) = preSolution
		HideSolutionNode = FALSE
	EndGlobalSection
	GlobalSection(ExtensibilityGlobals) = postSolution
		SolutionGuid = {C2ABFDBC-0E4F-4765-84DF-D749AD9440D2}
	EndGlobalSection
EndGlobal
